
Microsoft Visual Studio Solution File, Format Version 12.00
# Visual Studio Version 17
VisualStudioVersion = 17.2.32602.215
MinimumVisualStudioVersion = 10.0.40219.1
Project("{FAE04EC0-301F-11D3-BF4B-00C04F79EFBC}") = "FirstWebApp", "FirstWebApp\FirstWebApp.csproj", "{52518A06-D515-45A9-A93D-1B04D8A47165}"
EndProject
Global
	GlobalSection(SolutionConfigurationPlatforms) = preSolution
		Debug|Any CPU = Debug|Any CPU
		Release|Any CPU = Release|Any CPU
	EndGlobalSection
	GlobalSection(ProjectConfigurationPlatforms) = postSolution
		{52518A06-D515-45A9-A93D-1B04D8A47165}.Debug|Any CPU.ActiveCfg = Debug|Any CPU
		{52518A06-D515-45A9-A93D-1B04D8A47165}.Debug|Any CPU.Build.0 = Debug|Any CPU
		{52518A06-D515-45A9-A93D-1B04D8A47165}.Release|Any CPU.ActiveCfg = Release|Any CPU
		{52518A06-D515-45A9-A93D-1B04D8A47165}.Release|Any CPU.Build.0 = Release|Any CPU
	EndGlobalSection
	GlobalSection(SolutionProperties) = preSolution
		HideSolutionNode = FALSE
	EndGlobalSection
	GlobalSection(ExtensibilityGlobals) = postSolution
		SolutionGuid = {4E6F1D0C-821E-47B4-9656-C6286AA036CD}
	EndGlobalSection
EndGlobal
